
Microsoft Visual Studio Solution File, Format Version 12.00
# Visual Studio Version 16
VisualStudioVersion = 16.0.32413.511
MinimumVisualStudioVersion = 10.0.40219.1
Project("{FAE04EC0-301F-11D3-BF4B-00C04F79EFBC}") = "COMP2084Lab1", "COMP2084Lab1\COMP2084Lab1.csproj", "{AA9D90DD-F7BF-431B-A00B-59DDF7922697}"
EndProject
Global
	GlobalSection(SolutionConfigurationPlatforms) = preSolution
		Debug|Any CPU = Debug|Any CPU
		Release|Any CPU = Release|Any CPU
	EndGlobalSection
	GlobalSection(ProjectConfigurationPlatforms) = postSolution
		{AA9D90DD-F7BF-431B-A00B-59DDF7922697}.Debug|Any CPU.ActiveCfg = Debug|Any CPU
		{AA9D90DD-F7BF-431B-A00B-59DDF7922697}.Debug|Any CPU.Build.0 = Debug|Any CPU
		{AA9D90DD-F7BF-431B-A00B-59DDF7922697}.Release|Any CPU.ActiveCfg = Release|Any CPU
		{AA9D90DD-F7BF-431B-A00B-59DDF7922697}.Release|Any CPU.Build.0 = Release|Any CPU
	EndGlobalSection
	GlobalSection(SolutionProperties) = preSolution
		HideSolutionNode = FALSE
	EndGlobalSection
	GlobalSection(ExtensibilityGlobals) = postSolution
		SolutionGuid = {B7B6F68E-CDF3-4796-963A-71D1A74DB839}
	EndGlobalSection
EndGlobal
